
Microsoft Visual Studio Solution File, Format Version 12.00
# Visual Studio Version 17
VisualStudioVersion = 17.5.002.0
MinimumVisualStudioVersion = 10.0.40219.1
Project("{2150E333-8FDC-42A3-9474-1A3956D46DE8}") = "sandbox", "sandbox", "{E340403E-4B54-4996-A2D2-AEC0F00E7297}"
EndProject
Project("{9A19103F-16F7-4668-BE54-9A1E7A4F7556}") = "sandbox_project", "sandbox\sandbox_project\sandbox_project.csproj", "{B2CE90B5-3329-4999-BD10-88054D6F0661}"
EndProject
Project("{2150E333-8FDC-42A3-9474-1A3956D46DE8}") = "week01", "week01", "{FC8F08DA-8F99-4FEF-BFAE-94C4F244FAC8}"
EndProject
Project("{9A19103F-16F7-4668-BE54-9A1E7A4F7556}") = "analyze", "week01\analyze\analyze.csproj", "{89AB3EEC-7B1E-416C-9586-6877BEAC4D5F}"
EndProject
Project("{9A19103F-16F7-4668-BE54-9A1E7A4F7556}") = "code", "week01\code\code.csproj", "{F14670E9-2D83-4161-8007-7DBF263952D8}"
EndProject
Project("{9A19103F-16F7-4668-BE54-9A1E7A4F7556}") = "teach", "week01\teach\teach.csproj", "{B60FE813-9B76-4A26-A181-0604C587CF6F}"
EndProject
Project("{2150E333-8FDC-42A3-9474-1A3956D46DE8}") = "week02", "week02", "{B6148836-2D7A-4A72-B756-B069D47D1D56}"
EndProject
Project("{9A19103F-16F7-4668-BE54-9A1E7A4F7556}") = "analyze", "week02\analyze\analyze.csproj", "{749D6F42-41D6-4134-BDAE-3DCEC60E89D9}"
EndProject
Project("{9A19103F-16F7-4668-BE54-9A1E7A4F7556}") = "code", "week02\code\code.csproj", "{B7C65586-B713-4369-94FD-6B5061B9B16B}"
EndProject
Project("{9A19103F-16F7-4668-BE54-9A1E7A4F7556}") = "learn", "week02\learn\learn.csproj", "{07BF6B93-3281-4B9D-9F0B-A9D89DFCFBEE}"
EndProject
Project("{9A19103F-16F7-4668-BE54-9A1E7A4F7556}") = "teach", "week02\teach\teach.csproj", "{CC0ABA41-F1A7-49E9-9B9F-EB9EB962A004}"
EndProject
Project("{2150E333-8FDC-42A3-9474-1A3956D46DE8}") = "week03", "week03", "{C52C0DC5-E981-437B-88DA-0775410E63A5}"
EndProject
Project("{9A19103F-16F7-4668-BE54-9A1E7A4F7556}") = "code", "week03\code\code.csproj", "{5FEF3BF9-C8F5-4B52-A547-620946250AA5}"
EndProject
Project("{9A19103F-16F7-4668-BE54-9A1E7A4F7556}") = "learn", "week03\learn\learn.csproj", "{37A785CF-35E7-4642-953E-5C19F69D8FA0}"
EndProject
Project("{9A19103F-16F7-4668-BE54-9A1E7A4F7556}") = "teach", "week03\teach\teach.csproj", "{C1EF5A13-E476-4795-97AA-E5A726089701}"
EndProject
Project("{2150E333-8FDC-42A3-9474-1A3956D46DE8}") = "week04", "week04", "{030E8EE3-6ABF-4341-B00F-A5400A68C027}"
EndProject
Project("{9A19103F-16F7-4668-BE54-9A1E7A4F7556}") = "code", "week04\code\code.csproj", "{D14C4F51-14E7-4A07-A8B8-61154BF792A9}"
EndProject
Project("{2150E333-8FDC-42A3-9474-1A3956D46DE8}") = "week05", "week05", "{EAFFD361-CE80-4306-A703-E5989247EB9A}"
EndProject
Project("{9A19103F-16F7-4668-BE54-9A1E7A4F7556}") = "code", "week05\code\code.csproj", "{8F7902B8-D87B-47B5-A179-C5E4101E29D1}"
EndProject
Project("{2150E333-8FDC-42A3-9474-1A3956D46DE8}") = "week06", "week06", "{A5E302AA-1972-4917-A053-144F2715A122}"
EndProject
Project("{9A19103F-16F7-4668-BE54-9A1E7A4F7556}") = "code", "week06\code\code.csproj", "{683F8490-01F8-4B93-A9C3-E3B4C8021263}"
EndProject
Global
	GlobalSection(SolutionConfigurationPlatforms) = preSolution
		Debug|Any CPU = Debug|Any CPU
		Release|Any CPU = Release|Any CPU
	EndGlobalSection
	GlobalSection(ProjectConfigurationPlatforms) = postSolution
		{B2CE90B5-3329-4999-BD10-88054D6F0661}.Debug|Any CPU.ActiveCfg = Debug|Any CPU
		{B2CE90B5-3329-4999-BD10-88054D6F0661}.Debug|Any CPU.Build.0 = Debug|Any CPU
		{B2CE90B5-3329-4999-BD10-88054D6F0661}.Release|Any CPU.ActiveCfg = Release|Any CPU
		{B2CE90B5-3329-4999-BD10-88054D6F0661}.Release|Any CPU.Build.0 = Release|Any CPU
		{89AB3EEC-7B1E-416C-9586-6877BEAC4D5F}.Debug|Any CPU.ActiveCfg = Debug|Any CPU
		{89AB3EEC-7B1E-416C-9586-6877BEAC4D5F}.Debug|Any CPU.Build.0 = Debug|Any CPU
		{89AB3EEC-7B1E-416C-9586-6877BEAC4D5F}.Release|Any CPU.ActiveCfg = Release|Any CPU
		{89AB3EEC-7B1E-416C-9586-6877BEAC4D5F}.Release|Any CPU.Build.0 = Release|Any CPU
		{F14670E9-2D83-4161-8007-7DBF263952D8}.Debug|Any CPU.ActiveCfg = Debug|Any CPU
		{F14670E9-2D83-4161-8007-7DBF263952D8}.Debug|Any CPU.Build.0 = Debug|Any CPU
		{F14670E9-2D83-4161-8007-7DBF263952D8}.Release|Any CPU.ActiveCfg = Release|Any CPU
		{F14670E9-2D83-4161-8007-7DBF263952D8}.Release|Any CPU.Build.0 = Release|Any CPU
		{B60FE813-9B76-4A26-A181-0604C587CF6F}.Debug|Any CPU.ActiveCfg = Debug|Any CPU
		{B60FE813-9B76-4A26-A181-0604C587CF6F}.Debug|Any CPU.Build.0 = Debug|Any CPU
		{B60FE813-9B76-4A26-A181-0604C587CF6F}.Release|Any CPU.ActiveCfg = Release|Any CPU
		{B60FE813-9B76-4A26-A181-0604C587CF6F}.Release|Any CPU.Build.0 = Release|Any CPU
		{749D6F42-41D6-4134-BDAE-3DCEC60E89D9}.Debug|Any CPU.ActiveCfg = Debug|Any CPU
		{749D6F42-41D6-4134-BDAE-3DCEC60E89D9}.Debug|Any CPU.Build.0 = Debug|Any CPU
		{749D6F42-41D6-4134-BDAE-3DCEC60E89D9}.Release|Any CPU.ActiveCfg = Release|Any CPU
		{749D6F42-41D6-4134-BDAE-3DCEC60E89D9}.Release|Any CPU.Build.0 = Release|Any CPU
		{B7C65586-B713-4369-94FD-6B5061B9B16B}.Debug|Any CPU.ActiveCfg = Debug|Any CPU
		{B7C65586-B713-4369-94FD-6B5061B9B16B}.Debug|Any CPU.Build.0 = Debug|Any CPU
		{B7C65586-B713-4369-94FD-6B5061B9B16B}.Release|Any CPU.ActiveCfg = Release|Any CPU
		{B7C65586-B713-4369-94FD-6B5061B9B16B}.Release|Any CPU.Build.0 = Release|Any CPU
		{07BF6B93-3281-4B9D-9F0B-A9D89DFCFBEE}.Debug|Any CPU.ActiveCfg = Debug|Any CPU
		{07BF6B93-3281-4B9D-9F0B-A9D89DFCFBEE}.Debug|Any CPU.Build.0 = Debug|Any CPU
		{07BF6B93-3281-4B9D-9F0B-A9D89DFCFBEE}.Release|Any CPU.ActiveCfg = Release|Any CPU
		{07BF6B93-3281-4B9D-9F0B-A9D89DFCFBEE}.Release|Any CPU.Build.0 = Release|Any CPU
		{CC0ABA41-F1A7-49E9-9B9F-EB9EB962A004}.Debug|Any CPU.ActiveCfg = Debug|Any CPU
		{CC0ABA41-F1A7-49E9-9B9F-EB9EB962A004}.Debug|Any CPU.Build.0 = Debug|Any CPU
		{CC0ABA41-F1A7-49E9-9B9F-EB9EB962A004}.Release|Any CPU.ActiveCfg = Release|Any CPU
		{CC0ABA41-F1A7-49E9-9B9F-EB9EB962A004}.Release|Any CPU.Build.0 = Release|Any CPU
		{5FEF3BF9-C8F5-4B52-A547-620946250AA5}.Debug|Any CPU.ActiveCfg = Debug|Any CPU
		{5FEF3BF9-C8F5-4B52-A547-620946250AA5}.Debug|Any CPU.Build.0 = Debug|Any CPU
		{5FEF3BF9-C8F5-4B52-A547-620946250AA5}.Release|Any CPU.ActiveCfg = Release|Any CPU
		{5FEF3BF9-C8F5-4B52-A547-620946250AA5}.Release|Any CPU.Build.0 = Release|Any CPU
		{37A785CF-35E7-4642-953E-5C19F69D8FA0}.Debug|Any CPU.ActiveCfg = Debug|Any CPU
		{37A785CF-35E7-4642-953E-5C19F69D8FA0}.Debug|Any CPU.Build.0 = Debug|Any CPU
		{37A785CF-35E7-4642-953E-5C19F69D8FA0}.Release|Any CPU.ActiveCfg = Release|Any CPU
		{37A785CF-35E7-4642-953E-5C19F69D8FA0}.Release|Any CPU.Build.0 = Release|Any CPU
		{C1EF5A13-E476-4795-97AA-E5A726089701}.Debug|Any CPU.ActiveCfg = Debug|Any CPU
		{C1EF5A13-E476-4795-97AA-E5A726089701}.Debug|Any CPU.Build.0 = Debug|Any CPU
		{C1EF5A13-E476-4795-97AA-E5A726089701}.Release|Any CPU.ActiveCfg = Release|Any CPU
		{C1EF5A13-E476-4795-97AA-E5A726089701}.Release|Any CPU.Build.0 = Release|Any CPU
		{D14C4F51-14E7-4A07-A8B8-61154BF792A9}.Debug|Any CPU.ActiveCfg = Debug|Any CPU
		{D14C4F51-14E7-4A07-A8B8-61154BF792A9}.Debug|Any CPU.Build.0 = Debug|Any CPU
		{D14C4F51-14E7-4A07-A8B8-61154BF792A9}.Release|Any CPU.ActiveCfg = Release|Any CPU
		{D14C4F51-14E7-4A07-A8B8-61154BF792A9}.Release|Any CPU.Build.0 = Release|Any CPU
		{8F7902B8-D87B-47B5-A179-C5E4101E29D1}.Debug|Any CPU.ActiveCfg = Debug|Any CPU
		{8F7902B8-D87B-47B5-A179-C5E4101E29D1}.Debug|Any CPU.Build.0 = Debug|Any CPU
		{8F7902B8-D87B-47B5-A179-C5E4101E29D1}.Release|Any CPU.ActiveCfg = Release|Any CPU
		{8F7902B8-D87B-47B5-A179-C5E4101E29D1}.Release|Any CPU.Build.0 = Release|Any CPU
		{683F8490-01F8-4B93-A9C3-E3B4C8021263}.Debug|Any CPU.ActiveCfg = Debug|Any CPU
		{683F8490-01F8-4B93-A9C3-E3B4C8021263}.Debug|Any CPU.Build.0 = Debug|Any CPU
		{683F8490-01F8-4B93-A9C3-E3B4C8021263}.Release|Any CPU.ActiveCfg = Release|Any CPU
		{683F8490-01F8-4B93-A9C3-E3B4C8021263}.Release|Any CPU.Build.0 = Release|Any CPU
	EndGlobalSection
	GlobalSection(SolutionProperties) = preSolution
		HideSolutionNode = FALSE
	EndGlobalSection
	GlobalSection(NestedProjects) = preSolution
		{B2CE90B5-3329-4999-BD10-88054D6F0661} = {E340403E-4B54-4996-A2D2-AEC0F00E7297}
		{89AB3EEC-7B1E-416C-9586-6877BEAC4D5F} = {FC8F08DA-8F99-4FEF-BFAE-94C4F244FAC8}
		{F14670E9-2D83-4161-8007-7DBF263952D8} = {FC8F08DA-8F99-4FEF-BFAE-94C4F244FAC8}
		{B60FE813-9B76-4A26-A181-0604C587CF6F} = {FC8F08DA-8F99-4FEF-BFAE-94C4F244FAC8}
		{749D6F42-41D6-4134-BDAE-3DCEC60E89D9} = {B6148836-2D7A-4A72-B756-B069D47D1D56}
		{B7C65586-B713-4369-94FD-6B5061B9B16B} = {B6148836-2D7A-4A72-B756-B069D47D1D56}
		{07BF6B93-3281-4B9D-9F0B-A9D89DFCFBEE} = {B6148836-2D7A-4A72-B756-B069D47D1D56}
		{CC0ABA41-F1A7-49E9-9B9F-EB9EB962A004} = {B6148836-2D7A-4A72-B756-B069D47D1D56}
		{5FEF3BF9-C8F5-4B52-A547-620946250AA5} = {C52C0DC5-E981-437B-88DA-0775410E63A5}
		{37A785CF-35E7-4642-953E-5C19F69D8FA0} = {C52C0DC5-E981-437B-88DA-0775410E63A5}
		{C1EF5A13-E476-4795-97AA-E5A726089701} = {C52C0DC5-E981-437B-88DA-0775410E63A5}
		{D14C4F51-14E7-4A07-A8B8-61154BF792A9} = {030E8EE3-6ABF-4341-B00F-A5400A68C027}
		{8F7902B8-D87B-47B5-A179-C5E4101E29D1} = {EAFFD361-CE80-4306-A703-E5989247EB9A}
		{683F8490-01F8-4B93-A9C3-E3B4C8021263} = {A5E302AA-1972-4917-A053-144F2715A122}
	EndGlobalSection
	GlobalSection(ExtensibilityGlobals) = postSolution
		SolutionGuid = {B9797B5E-677F-4D60-BBAE-627F44AB30AD}
	EndGlobalSection
EndGlobal
